
Microsoft Visual Studio Solution File, Format Version 12.00
# Visual Studio Version 16
VisualStudioVersion = 16.0.30907.101
MinimumVisualStudioVersion = 10.0.40219.1
Project("{FAE04EC0-301F-11D3-BF4B-00C04F79EFBC}") = "二元推导检测方法", "二元推导检测方法\二元推导检测方法.csproj", "{5C189C63-D641-41FD-BA15-A84D8116D002}"
EndProject
Global
	GlobalSection(SolutionConfigurationPlatforms) = preSolution
		Debug|Any CPU = Debug|Any CPU
		Release|Any CPU = Release|Any CPU
	EndGlobalSection
	GlobalSection(ProjectConfigurationPlatforms) = postSolution
		{5C189C63-D641-41FD-BA15-A84D8116D002}.Debug|Any CPU.ActiveCfg = Debug|Any CPU
		{5C189C63-D641-41FD-BA15-A84D8116D002}.Debug|Any CPU.Build.0 = Debug|Any CPU
		{5C189C63-D641-41FD-BA15-A84D8116D002}.Release|Any CPU.ActiveCfg = Release|Any CPU
		{5C189C63-D641-41FD-BA15-A84D8116D002}.Release|Any CPU.Build.0 = Release|Any CPU
	EndGlobalSection
	GlobalSection(SolutionProperties) = preSolution
		HideSolutionNode = FALSE
	EndGlobalSection
	GlobalSection(ExtensibilityGlobals) = postSolution
		SolutionGuid = {01466FD6-4E3B-4E34-A97F-4420E260F370}
	EndGlobalSection
EndGlobal
